
Microsoft Visual Studio Solution File, Format Version 12.00
# Visual Studio Version 17
VisualStudioVersion = 17.0.31903.59
MinimumVisualStudioVersion = 10.0.40219.1
Project("{FAE04EC0-301F-11D3-BF4B-00C04F79EFBC}") = "BlindMatchPAS.Web", "BlindMatchPAS.Web\BlindMatchPAS.Web.csproj", "{DA930E73-B948-4290-B93D-6C10F42099B4}"
EndProject
Project("{FAE04EC0-301F-11D3-BF4B-00C04F79EFBC}") = "BlindMatchPAS.UnitTests", "BlindMatchPAS.UnitTests\BlindMatchPAS.UnitTests.csproj", "{C1707E5A-BE53-4502-82A5-9E489A3DB2A5}"
EndProject
Project("{FAE04EC0-301F-11D3-BF4B-00C04F79EFBC}") = "BlindMatchPAS.IntegrationTests", "BlindMatchPAS.IntegrationTests\BlindMatchPAS.IntegrationTests.csproj", "{3C378BDF-7776-41D1-845D-3723DDC30179}"
EndProject
Global
	GlobalSection(SolutionConfigurationPlatforms) = preSolution
		Debug|Any CPU = Debug|Any CPU
		Release|Any CPU = Release|Any CPU
	EndGlobalSection
	GlobalSection(SolutionProperties) = preSolution
		HideSolutionNode = FALSE
	EndGlobalSection
	GlobalSection(ProjectConfigurationPlatforms) = postSolution
		{DA930E73-B948-4290-B93D-6C10F42099B4}.Debug|Any CPU.ActiveCfg = Debug|Any CPU
		{DA930E73-B948-4290-B93D-6C10F42099B4}.Debug|Any CPU.Build.0 = Debug|Any CPU
		{DA930E73-B948-4290-B93D-6C10F42099B4}.Release|Any CPU.ActiveCfg = Release|Any CPU
		{DA930E73-B948-4290-B93D-6C10F42099B4}.Release|Any CPU.Build.0 = Release|Any CPU
		{C1707E5A-BE53-4502-82A5-9E489A3DB2A5}.Debug|Any CPU.ActiveCfg = Debug|Any CPU
		{C1707E5A-BE53-4502-82A5-9E489A3DB2A5}.Debug|Any CPU.Build.0 = Debug|Any CPU
		{C1707E5A-BE53-4502-82A5-9E489A3DB2A5}.Release|Any CPU.ActiveCfg = Release|Any CPU
		{C1707E5A-BE53-4502-82A5-9E489A3DB2A5}.Release|Any CPU.Build.0 = Release|Any CPU
		{3C378BDF-7776-41D1-845D-3723DDC30179}.Debug|Any CPU.ActiveCfg = Debug|Any CPU
		{3C378BDF-7776-41D1-845D-3723DDC30179}.Debug|Any CPU.Build.0 = Debug|Any CPU
		{3C378BDF-7776-41D1-845D-3723DDC30179}.Release|Any CPU.ActiveCfg = Release|Any CPU
		{3C378BDF-7776-41D1-845D-3723DDC30179}.Release|Any CPU.Build.0 = Release|Any CPU
	EndGlobalSection
EndGlobal
